
Microsoft Visual Studio Solution File, Format Version 12.00
# Visual Studio Version 17
VisualStudioVersion = 17.0.31903.59
MinimumVisualStudioVersion = 10.0.40219.1
Project("{FAE04EC0-301F-11D3-BF4B-00C04F79EFBC}") = "RectangleArea", "RectangleArea\RectangleArea.csproj", "{BD0DF942-F63C-4118-BEA2-58CA9329D44E}"
EndProject
Global
	GlobalSection(SolutionConfigurationPlatforms) = preSolution
		Debug|Any CPU = Debug|Any CPU
		Release|Any CPU = Release|Any CPU
	EndGlobalSection
	GlobalSection(SolutionProperties) = preSolution
		HideSolutionNode = FALSE
	EndGlobalSection
	GlobalSection(ProjectConfigurationPlatforms) = postSolution
		{BD0DF942-F63C-4118-BEA2-58CA9329D44E}.Debug|Any CPU.ActiveCfg = Debug|Any CPU
		{BD0DF942-F63C-4118-BEA2-58CA9329D44E}.Debug|Any CPU.Build.0 = Debug|Any CPU
		{BD0DF942-F63C-4118-BEA2-58CA9329D44E}.Release|Any CPU.ActiveCfg = Release|Any CPU
		{BD0DF942-F63C-4118-BEA2-58CA9329D44E}.Release|Any CPU.Build.0 = Release|Any CPU
	EndGlobalSection
EndGlobal
